
Microsoft Visual Studio Solution File, Format Version 12.00
# Visual Studio Version 16
VisualStudioVersion = 16.0.31321.278
MinimumVisualStudioVersion = 10.0.40219.1
Project("{9A19103F-16F7-4668-BE54-9A1E7A4F7556}") = "WebProject", "WebProject\WebProject.csproj", "{336D1D52-6C0E-4A05-B6EC-FE0FBC50BBAB}"
EndProject
Project("{9A19103F-16F7-4668-BE54-9A1E7A4F7556}") = "DataModel", "DataModel\DataModel.csproj", "{5AC857EC-18D9-475B-A9FD-433B60CDE5CD}"
EndProject
Global
	GlobalSection(SolutionConfigurationPlatforms) = preSolution
		Debug|Any CPU = Debug|Any CPU
		Release|Any CPU = Release|Any CPU
	EndGlobalSection
	GlobalSection(ProjectConfigurationPlatforms) = postSolution
		{336D1D52-6C0E-4A05-B6EC-FE0FBC50BBAB}.Debug|Any CPU.ActiveCfg = Debug|Any CPU
		{336D1D52-6C0E-4A05-B6EC-FE0FBC50BBAB}.Debug|Any CPU.Build.0 = Debug|Any CPU
		{336D1D52-6C0E-4A05-B6EC-FE0FBC50BBAB}.Release|Any CPU.ActiveCfg = Release|Any CPU
		{336D1D52-6C0E-4A05-B6EC-FE0FBC50BBAB}.Release|Any CPU.Build.0 = Release|Any CPU
		{5AC857EC-18D9-475B-A9FD-433B60CDE5CD}.Debug|Any CPU.ActiveCfg = Debug|Any CPU
		{5AC857EC-18D9-475B-A9FD-433B60CDE5CD}.Debug|Any CPU.Build.0 = Debug|Any CPU
		{5AC857EC-18D9-475B-A9FD-433B60CDE5CD}.Release|Any CPU.ActiveCfg = Release|Any CPU
		{5AC857EC-18D9-475B-A9FD-433B60CDE5CD}.Release|Any CPU.Build.0 = Release|Any CPU
	EndGlobalSection
	GlobalSection(SolutionProperties) = preSolution
		HideSolutionNode = FALSE
	EndGlobalSection
	GlobalSection(ExtensibilityGlobals) = postSolution
		SolutionGuid = {B128C7B9-9B09-49F6-A924-0C3528F6C0B5}
	EndGlobalSection
EndGlobal
